
Microsoft Visual Studio Solution File, Format Version 12.00
# Visual Studio Version 17
VisualStudioVersion = 17.14.37203.1
MinimumVisualStudioVersion = 10.0.40219.1
Project("{FAE04EC0-301F-11D3-BF4B-00C04F79EFBC}") = "Capybara", "Capybara\Capybara.csproj", "{96231FFC-B6F6-4E5B-8FDA-48D6BC4EC674}"
EndProject
Project("{FAE04EC0-301F-11D3-BF4B-00C04F79EFBC}") = "Capybara.Models", "Capybara.Models\Capybara.Models.csproj", "{31BF9A1E-AB08-4722-AC9B-A39CA975D929}"
EndProject
Project("{FAE04EC0-301F-11D3-BF4B-00C04F79EFBC}") = "Capybara.Agent", "Capybara.Agent\Capybara.Agent.csproj", "{92532702-FC2F-4E85-A0F6-12F9997E0217}"
EndProject
Project("{FAE04EC0-301F-11D3-BF4B-00C04F79EFBC}") = "Capybara.Tool", "Capybara.Tool\Capybara.Tool.csproj", "{69AFE5E0-42F5-4D04-885E-69925D64D9BA}"
EndProject
Project("{FAE04EC0-301F-11D3-BF4B-00C04F79EFBC}") = "Capybara.Tool.Base", "Capybara.Tool.Base\Capybara.Tool.Base.csproj", "{131C63C2-CEC3-4792-B6AD-2409E1E5EC72}"
EndProject
Project("{FAE04EC0-301F-11D3-BF4B-00C04F79EFBC}") = "NexusNetNetwork", "NexusNetNetwork\NexusNetNetwork.csproj", "{11FDCB8A-3C82-EAAE-D028-6819C4F20D9D}"
EndProject
Project("{FAE04EC0-301F-11D3-BF4B-00C04F79EFBC}") = "TcpNetwork", "TcpNetwork\TcpNetwork.csproj", "{5CF740F9-DF6B-A663-F96F-19F4F13E6C44}"
EndProject
Project("{FAE04EC0-301F-11D3-BF4B-00C04F79EFBC}") = "Capybara.IEntrance", "Capybara.IEntrance\Capybara.IEntrance.csproj", "{C57A7084-B281-4C45-A663-D21D8BC708CB}"
EndProject
Project("{FAE04EC0-301F-11D3-BF4B-00C04F79EFBC}") = "Capybara.NexusNetEntrance", "Capybara.NexusNetEntrance\Capybara.NexusNetEntrance.csproj", "{8BB47675-F88A-4173-A5DC-8E672F5634BB}"
EndProject
Project("{FAE04EC0-301F-11D3-BF4B-00C04F79EFBC}") = "Capybara.TcpEntrance", "Capybara.TcpEntrance\Capybara.TcpEntrance.csproj", "{27037675-FEF2-4C5D-B500-F383FFBDBFA8}"
EndProject
Project("{FAE04EC0-301F-11D3-BF4B-00C04F79EFBC}") = "Capybara.LLM", "Capybara.LLM\Capybara.LLM.csproj", "{29F12E9A-B164-4F88-B661-A4871D118148}"
EndProject
Project("{FAE04EC0-301F-11D3-BF4B-00C04F79EFBC}") = "Capybara.Utils", "Capybara.Utils\Capybara.Utils.csproj", "{3DD0212B-ECA8-4D36-9583-11DD8D1AF0FC}"
EndProject
Global
	GlobalSection(SolutionConfigurationPlatforms) = preSolution
		Debug|Any CPU = Debug|Any CPU
		Release|Any CPU = Release|Any CPU
	EndGlobalSection
	GlobalSection(ProjectConfigurationPlatforms) = postSolution
		{96231FFC-B6F6-4E5B-8FDA-48D6BC4EC674}.Debug|Any CPU.ActiveCfg = Debug|Any CPU
		{96231FFC-B6F6-4E5B-8FDA-48D6BC4EC674}.Debug|Any CPU.Build.0 = Debug|Any CPU
		{96231FFC-B6F6-4E5B-8FDA-48D6BC4EC674}.Release|Any CPU.ActiveCfg = Release|Any CPU
		{96231FFC-B6F6-4E5B-8FDA-48D6BC4EC674}.Release|Any CPU.Build.0 = Release|Any CPU
		{31BF9A1E-AB08-4722-AC9B-A39CA975D929}.Debug|Any CPU.ActiveCfg = Debug|Any CPU
		{31BF9A1E-AB08-4722-AC9B-A39CA975D929}.Debug|Any CPU.Build.0 = Debug|Any CPU
		{31BF9A1E-AB08-4722-AC9B-A39CA975D929}.Release|Any CPU.ActiveCfg = Release|Any CPU
		{31BF9A1E-AB08-4722-AC9B-A39CA975D929}.Release|Any CPU.Build.0 = Release|Any CPU
		{92532702-FC2F-4E85-A0F6-12F9997E0217}.Debug|Any CPU.ActiveCfg = Debug|Any CPU
		{92532702-FC2F-4E85-A0F6-12F9997E0217}.Debug|Any CPU.Build.0 = Debug|Any CPU
		{92532702-FC2F-4E85-A0F6-12F9997E0217}.Release|Any CPU.ActiveCfg = Release|Any CPU
		{92532702-FC2F-4E85-A0F6-12F9997E0217}.Release|Any CPU.Build.0 = Release|Any CPU
		{69AFE5E0-42F5-4D04-885E-69925D64D9BA}.Debug|Any CPU.ActiveCfg = Debug|Any CPU
		{69AFE5E0-42F5-4D04-885E-69925D64D9BA}.Debug|Any CPU.Build.0 = Debug|Any CPU
		{69AFE5E0-42F5-4D04-885E-69925D64D9BA}.Release|Any CPU.ActiveCfg = Release|Any CPU
		{69AFE5E0-42F5-4D04-885E-69925D64D9BA}.Release|Any CPU.Build.0 = Release|Any CPU
		{131C63C2-CEC3-4792-B6AD-2409E1E5EC72}.Debug|Any CPU.ActiveCfg = Debug|Any CPU
		{131C63C2-CEC3-4792-B6AD-2409E1E5EC72}.Debug|Any CPU.Build.0 = Debug|Any CPU
		{131C63C2-CEC3-4792-B6AD-2409E1E5EC72}.Release|Any CPU.ActiveCfg = Release|Any CPU
		{131C63C2-CEC3-4792-B6AD-2409E1E5EC72}.Release|Any CPU.Build.0 = Release|Any CPU
		{11FDCB8A-3C82-EAAE-D028-6819C4F20D9D}.Debug|Any CPU.ActiveCfg = Debug|Any CPU
		{11FDCB8A-3C82-EAAE-D028-6819C4F20D9D}.Debug|Any CPU.Build.0 = Debug|Any CPU
		{11FDCB8A-3C82-EAAE-D028-6819C4F20D9D}.Release|Any CPU.ActiveCfg = Release|Any CPU
		{11FDCB8A-3C82-EAAE-D028-6819C4F20D9D}.Release|Any CPU.Build.0 = Release|Any CPU
		{5CF740F9-DF6B-A663-F96F-19F4F13E6C44}.Debug|Any CPU.ActiveCfg = Debug|Any CPU
		{5CF740F9-DF6B-A663-F96F-19F4F13E6C44}.Debug|Any CPU.Build.0 = Debug|Any CPU
		{5CF740F9-DF6B-A663-F96F-19F4F13E6C44}.Release|Any CPU.ActiveCfg = Release|Any CPU
		{5CF740F9-DF6B-A663-F96F-19F4F13E6C44}.Release|Any CPU.Build.0 = Release|Any CPU
		{C57A7084-B281-4C45-A663-D21D8BC708CB}.Debug|Any CPU.ActiveCfg = Debug|Any CPU
		{C57A7084-B281-4C45-A663-D21D8BC708CB}.Debug|Any CPU.Build.0 = Debug|Any CPU
		{C57A7084-B281-4C45-A663-D21D8BC708CB}.Release|Any CPU.ActiveCfg = Release|Any CPU
		{C57A7084-B281-4C45-A663-D21D8BC708CB}.Release|Any CPU.Build.0 = Release|Any CPU
		{8BB47675-F88A-4173-A5DC-8E672F5634BB}.Debug|Any CPU.ActiveCfg = Debug|Any CPU
		{8BB47675-F88A-4173-A5DC-8E672F5634BB}.Debug|Any CPU.Build.0 = Debug|Any CPU
		{8BB47675-F88A-4173-A5DC-8E672F5634BB}.Release|Any CPU.ActiveCfg = Release|Any CPU
		{8BB47675-F88A-4173-A5DC-8E672F5634BB}.Release|Any CPU.Build.0 = Release|Any CPU
		{27037675-FEF2-4C5D-B500-F383FFBDBFA8}.Debug|Any CPU.ActiveCfg = Debug|Any CPU
		{27037675-FEF2-4C5D-B500-F383FFBDBFA8}.Debug|Any CPU.Build.0 = Debug|Any CPU
		{27037675-FEF2-4C5D-B500-F383FFBDBFA8}.Release|Any CPU.ActiveCfg = Release|Any CPU
		{27037675-FEF2-4C5D-B500-F383FFBDBFA8}.Release|Any CPU.Build.0 = Release|Any CPU
		{29F12E9A-B164-4F88-B661-A4871D118148}.Debug|Any CPU.ActiveCfg = Debug|Any CPU
		{29F12E9A-B164-4F88-B661-A4871D118148}.Debug|Any CPU.Build.0 = Debug|Any CPU
		{29F12E9A-B164-4F88-B661-A4871D118148}.Release|Any CPU.ActiveCfg = Release|Any CPU
		{29F12E9A-B164-4F88-B661-A4871D118148}.Release|Any CPU.Build.0 = Release|Any CPU
		{3DD0212B-ECA8-4D36-9583-11DD8D1AF0FC}.Debug|Any CPU.ActiveCfg = Debug|Any CPU
		{3DD0212B-ECA8-4D36-9583-11DD8D1AF0FC}.Debug|Any CPU.Build.0 = Debug|Any CPU
		{3DD0212B-ECA8-4D36-9583-11DD8D1AF0FC}.Release|Any CPU.ActiveCfg = Release|Any CPU
		{3DD0212B-ECA8-4D36-9583-11DD8D1AF0FC}.Release|Any CPU.Build.0 = Release|Any CPU
	EndGlobalSection
	GlobalSection(SolutionProperties) = preSolution
		HideSolutionNode = FALSE
	EndGlobalSection
	GlobalSection(ExtensibilityGlobals) = postSolution
		SolutionGuid = {E89096EB-D337-45C8-91D8-4E22694A9C30}
	EndGlobalSection
EndGlobal
